
Microsoft Visual Studio Solution File, Format Version 12.00
# Visual Studio Version 17
VisualStudioVersion = 17.6.33829.357
MinimumVisualStudioVersion = 10.0.40219.1
Project("{9A19103F-16F7-4668-BE54-9A1E7A4F7556}") = "FurnitureRentingAPI", "FurnitureRentingAPI\FurnitureRentingAPI.csproj", "{FC495B02-7549-4912-A983-27CC809A8D87}"
EndProject
Project("{9A19103F-16F7-4668-BE54-9A1E7A4F7556}") = "Domain", "DataAccessLayer\Domain.csproj", "{F43ADA30-9EDE-4398-B675-C064C4B3CF7F}"
EndProject
Project("{9A19103F-16F7-4668-BE54-9A1E7A4F7556}") = "Infrastructure", "BussinessAccessLayer\Infrastructure.csproj", "{5EE8D394-DD23-42FD-A32F-59C46A057B1E}"
EndProject
Global
	GlobalSection(SolutionConfigurationPlatforms) = preSolution
		Debug|Any CPU = Debug|Any CPU
		Release|Any CPU = Release|Any CPU
	EndGlobalSection
	GlobalSection(ProjectConfigurationPlatforms) = postSolution
		{FC495B02-7549-4912-A983-27CC809A8D87}.Debug|Any CPU.ActiveCfg = Debug|Any CPU
		{FC495B02-7549-4912-A983-27CC809A8D87}.Debug|Any CPU.Build.0 = Debug|Any CPU
		{FC495B02-7549-4912-A983-27CC809A8D87}.Release|Any CPU.ActiveCfg = Release|Any CPU
		{FC495B02-7549-4912-A983-27CC809A8D87}.Release|Any CPU.Build.0 = Release|Any CPU
		{F43ADA30-9EDE-4398-B675-C064C4B3CF7F}.Debug|Any CPU.ActiveCfg = Debug|Any CPU
		{F43ADA30-9EDE-4398-B675-C064C4B3CF7F}.Debug|Any CPU.Build.0 = Debug|Any CPU
		{F43ADA30-9EDE-4398-B675-C064C4B3CF7F}.Release|Any CPU.ActiveCfg = Release|Any CPU
		{F43ADA30-9EDE-4398-B675-C064C4B3CF7F}.Release|Any CPU.Build.0 = Release|Any CPU
		{5EE8D394-DD23-42FD-A32F-59C46A057B1E}.Debug|Any CPU.ActiveCfg = Debug|Any CPU
		{5EE8D394-DD23-42FD-A32F-59C46A057B1E}.Debug|Any CPU.Build.0 = Debug|Any CPU
		{5EE8D394-DD23-42FD-A32F-59C46A057B1E}.Release|Any CPU.ActiveCfg = Release|Any CPU
		{5EE8D394-DD23-42FD-A32F-59C46A057B1E}.Release|Any CPU.Build.0 = Release|Any CPU
	EndGlobalSection
	GlobalSection(SolutionProperties) = preSolution
		HideSolutionNode = FALSE
	EndGlobalSection
	GlobalSection(ExtensibilityGlobals) = postSolution
		SolutionGuid = {BCB2ADE6-D6D2-4996-BF22-30D2D1A96256}
	EndGlobalSection
EndGlobal
